{
    "_meta": {
        "hash": {
            "sha256": "5b6c681f0b213acfc6af6a3b3b922c073890225849759ad5cc136d07323258e5"
        },
        "pipfile-spec": 6,
        "requires": {
            "python_version": "3.7"
        },
        "sources": [
            {
                "name": "pypi",
                "url": "https://pypi.org/simple",
                "verify_ssl": true
            }
        ]
    },
    "default": {
        "numpy": {
            "hashes": [
                "sha256:1980f8d84548d74921685f68096911585fee393975f53797614b34d4f409b6da",
                "sha256:22752cd809272671b273bb86df0f505f505a12368a3a5fc0aa811c7ece4dfd5c",
                "sha256:23cc40313036cffd5d1873ef3ce2e949bdee0646c5d6f375bf7ee4f368db2511",
                "sha256:2b0b118ff547fecabc247a2668f48f48b3b1f7d63676ebc5be7352a5fd9e85a5",
                "sha256:3a0bd1edf64f6a911427b608a894111f9fcdb25284f724016f34a84c9a3a6ea9",
                "sha256:3f25f6c7b0d000017e5ac55977a3999b0b1a74491eacb3c1aa716f0e01f6dcd1",
                "sha256:4061c79ac2230594a7419151028e808239450e676c39e58302ad296232e3c2e8",
                "sha256:560ceaa24f971ab37dede7ba030fc5d8fa173305d94365f814d9523ffd5d5916",
                "sha256:62be044cd58da2a947b7e7b2252a10b42920df9520fc3d39f5c4c70d5460b8ba",
                "sha256:6c692e3879dde0b67a9dc78f9bfb6f61c666b4562fd8619632d7043fb5b691b0",
                "sha256:6f65e37b5a331df950ef6ff03bd4136b3c0bbcf44d4b8e99135d68a537711b5a",
                "sha256:7a78cc4ddb253a55971115f8320a7ce28fd23a065fc33166d601f51760eecfa9",
                "sha256:80a41edf64a3626e729a62df7dd278474fc1726836552b67a8c6396fd7e86760",
                "sha256:893f4d75255f25a7b8516feb5766c6b63c54780323b9bd4bc51cdd7efc943c73",
                "sha256:972ea92f9c1b54cc1c1a3d8508e326c0114aaf0f34996772a30f3f52b73b942f",
                "sha256:9f1d4865436f794accdabadc57a8395bd3faa755449b4f65b88b7df65ae05f89",
                "sha256:9f4cd7832b35e736b739be03b55875706c8c3e5fe334a06210f1a61e5c2c8ca5",
                "sha256:adab43bf657488300d3aeeb8030d7f024fcc86e3a9b8848741ea2ea903e56610",
                "sha256:bd2834d496ba9b1bdda3a6cf3de4dc0d4a0e7be306335940402ec95132ad063d",
                "sha256:d20c0360940f30003a23c0adae2fe50a0a04f3e48dc05c298493b51fd6280197",
                "sha256:d3b3ed87061d2314ff3659bb73896e622252da52558f2380f12c421fbdee3d89",
                "sha256:dc235bf29a406dfda5790d01b998a1c01d7d37f449128c0b1b7d1c89a84fae8b",
                "sha256:fb3c83554f39f48f3fa3123b9c24aecf681b1c289f9334f8215c1d3c8e2f6e5b"
            ],
            "version": "==1.16.2"
        },
        "opencv-contrib-python": {
            "hashes": [
                "sha256:023965ab3b129dfbbd0f4e03e1a4c060d0f800f4ccaf3f75593ab906948abb71",
                "sha256:26701c26d9665c597112896975ad1eefe43c4ca7a9ca889866de3e00ef54f1f8",
                "sha256:302b03aa9cf8f112b44646a3a717e2d59a78c1b53052f6cef10dd923476b2957",
                "sha256:4d021be1562e43c264ee288539a40f4f83fc97dad6cfb3364e4de0a0a2b68b03",
                "sha256:58633dd943be5472a582db9f983764cfed1dccbdd463d62e7061d43c777c0d7b",
                "sha256:5ad3e5e8eb3f51f6688c26bf779d276e7e4efbe67a8a3ee85a3fab8291fc1369",
                "sha256:5cf8d8c02fe534a82313c4a956525a7cc7b031c6b9117c556aca790d7afee31a",
                "sha256:702977e06c9b58b088b7726c73d731e524efc6eae1bd44b4fa247cc0bf31bb88",
                "sha256:78246d9d8ff39616461ee0294771285bbf03f44e6d2b87e4e3907e9f45b24141",
                "sha256:7dc787cedf1c745fe98b10a15b60b9a9f50c8d957d580ce4119c2e25ecd9838d",
                "sha256:8bd4ff159cb8019e1009a4b680f8a94ae8801e2d1376714b3c5dd9252d149df8",
                "sha256:982d25e3b9279b7340490b6681d89a25d6b36b0ae20f5d765eef867d7f1d3340",
                "sha256:9ccf36b95122bb256f8732ae07f2cd6746bc3cbc0d2c9a43876f97672f7c2ffb",
                "sha256:a3e8efb9e8be37de75f4dc36f987febe32fdad754b96050246ce7a7b2c07fb0c",
                "sha256:a5f327d59b644a4d408e9779abc16c6636945a8abade3b69a6bf984ceffd4046",
                "sha256:a9833fb75d4f5e7585b8125c4e7f89120151a3f5a922d831dd9c298c5bcaf657",
                "sha256:ab49eca502185709c939636644aca32049d9099aff89bc088b5f5e14b30fbff3",
                "sha256:b06c2100a4365480347e7f8be28b873fe96ff8c60a7d95af5659e71c0435cd64",
                "sha256:b5eaef6bfdb7ce20d551a3c0240ba0b562b05c7111fc1775e1e412161b23cc0d",
                "sha256:c86341784d3e44741ff9be3a81bde5becac9b9ed89c6ea2c920f8b2a35c6332f",
                "sha256:dacc610362d10626bb97dbb39e81632710db7c9189d9ca218d1ecd6a1f8ed285",
                "sha256:e018c569352259e6395d28c806ff0ccdbaf401eb63b3f6511247dab44ad996eb",
                "sha256:e1126a2bd4354ee3985528beaec187b7cf43ea2cf52eb1c042b6b83a727fc1f2",
                "sha256:e1a9c75c5417d9d8aca9a9c20c8ca36d664fbfb9e235e37034f56d2f8410a64c",
                "sha256:e28da74f0464f8868f16547dfb07e6d11b641cdfd994bca4e34c042683e68aab",
                "sha256:e36d7fed8d4ca2e82d9d96b21cdc6925387a24606698797567c1e421badcc386",
                "sha256:fa1eddf00b4fe2618ad9223c9e0b519ddabbe034c49f909a91fa43041226040d"
            ],
            "index": "pypi",
            "version": "==4.0.0.21"
        }
    },
    "develop": {}
}
